# This file is automatically @generated by Cargo.
# It is not intended for manual editing.
version = 4

[[package]]
name = "radia-demo"
version = "0.1.0"
dependencies = [
 "radia-render",
]

[[package]]
name = "radia-math"
version = "0.1.0"

[[package]]
name = "radia-render"
version = "0.1.0"
dependencies = [
 "radia-math",
]
